
Microsoft Visual Studio Solution File, Format Version 12.00
# Visual Studio Version 17
VisualStudioVersion = 17.10.35004.147
MinimumVisualStudioVersion = 10.0.40219.1
Project("{2150E333-8FDC-42A3-9474-1A3956D46DE8}") = "Catalogo", "Catalogo", "{19CDCC08-441E-4593-8A96-D331A376616C}"
EndProject
Project("{2150E333-8FDC-42A3-9474-1A3956D46DE8}") = "Pagamento", "Pagamento", "{5BC57EBB-D224-4F77-B003-174485BFB7A1}"
EndProject
Project("{2150E333-8FDC-42A3-9474-1A3956D46DE8}") = "Services", "Services", "{921614AC-F8BD-4D1F-A413-13479D753068}"
EndProject
Project("{2150E333-8FDC-42A3-9474-1A3956D46DE8}") = "Vendas", "Vendas", "{396C4165-75FB-463F-BC25-7CC4B30B228F}"
EndProject
Project("{2150E333-8FDC-42A3-9474-1A3956D46DE8}") = "Core", "Core", "{4EE66C28-4958-4C99-B259-D4DD05C1DDBA}"
EndProject
Project("{2150E333-8FDC-42A3-9474-1A3956D46DE8}") = "WebApps", "WebApps", "{8AD00E47-5352-47EE-8DF3-C621B0F64C98}"
EndProject
Project("{9A19103F-16F7-4668-BE54-9A1E7A4F7556}") = "MuiraquitaFightStore.Vendas.Application", "src\MuiraquitaFightStore.Vendas.Application\MuiraquitaFightStore.Vendas.Application.csproj", "{26EEAC91-EE20-4147-AAC8-D52A4CC23F42}"
EndProject
Project("{9A19103F-16F7-4668-BE54-9A1E7A4F7556}") = "MuiraquitaFightStore.Vendas.Data", "src\MuiraquitaFightStore.Vendas.Data\MuiraquitaFightStore.Vendas.Data.csproj", "{0791C055-D6B0-429B-8CDD-1434FB532A0A}"
EndProject
Project("{9A19103F-16F7-4668-BE54-9A1E7A4F7556}") = "MuiraquitaFightStore.Vendas.Domain", "src\MuiraquitaFightStore.Vendas.Domain\MuiraquitaFightStore.Vendas.Domain.csproj", "{B4979D50-3283-49ED-8A98-B40C87521287}"
EndProject
Project("{9A19103F-16F7-4668-BE54-9A1E7A4F7556}") = "MuiraquitaFightStore.Catalogo.Application", "src\MuiraquitaFightStore.Catalogo.Application\MuiraquitaFightStore.Catalogo.Application.csproj", "{99E389C0-614C-44B3-84F9-4AB73D93CCA4}"
EndProject
Project("{9A19103F-16F7-4668-BE54-9A1E7A4F7556}") = "MuiraquitaFightStore.Catalogo.Data", "src\MuiraquitaFightStore.Catalogo.Data\MuiraquitaFightStore.Catalogo.Data.csproj", "{1E6352BB-CA68-4608-829A-0A9307826AA6}"
EndProject
Project("{9A19103F-16F7-4668-BE54-9A1E7A4F7556}") = "MuiraquitaFightStore.Catalogo.Domain", "src\MuiraquitaFightStore.Catalogo.Domain\MuiraquitaFightStore.Catalogo.Domain.csproj", "{B23D95BB-D99F-48E5-A132-99D84FCA0593}"
EndProject
Project("{9A19103F-16F7-4668-BE54-9A1E7A4F7556}") = "MuiraquitaFightStore.Pagamentos.Data", "src\MuiraquitaFightStore.Pagamentos.Data\MuiraquitaFightStore.Pagamentos.Data.csproj", "{786A33C6-05F2-444F-AA15-8021CE9780EB}"
EndProject
Project("{9A19103F-16F7-4668-BE54-9A1E7A4F7556}") = "MuiraquitaFightStore.Pagamentos.Domain", "src\MuiraquitaFightStore.Pagamentos.Domain\MuiraquitaFightStore.Pagamentos.Domain.csproj", "{576E2D0B-CEC6-4124-A5EC-97DEDF967C41}"
EndProject
Project("{9A19103F-16F7-4668-BE54-9A1E7A4F7556}") = "MuiraquitaFightStore.Pagamentos.AntiCorruption", "src\MuiraquitaFightStore.Pagamentos.AntiCorruption\MuiraquitaFightStore.Pagamentos.AntiCorruption.csproj", "{06D0113C-B454-4F37-979F-E2B1B6FDE300}"
EndProject
Project("{9A19103F-16F7-4668-BE54-9A1E7A4F7556}") = "MuiraquitaFightStore.WebApp.Mvc", "src\WebApp.Mvc\MuiraquitaFightStore.WebApp.Mvc.csproj", "{CAF0DA1A-AF0E-48B7-8AFC-155EBC6D7AF9}"
EndProject
Project("{9A19103F-16F7-4668-BE54-9A1E7A4F7556}") = "MuiraquitaFightStore.Core", "src\MuiraquitaFightStore.Core\MuiraquitaFightStore.Core.csproj", "{F081A4D8-6888-4F63-8047-75BD634F78B3}"
EndProject
Project("{2150E333-8FDC-42A3-9474-1A3956D46DE8}") = "Pedidos", "Pedidos", "{9559D225-520A-4772-BF56-19BD7D22D044}"
EndProject
Global
	GlobalSection(SolutionConfigurationPlatforms) = preSolution
		Debug|Any CPU = Debug|Any CPU
		Release|Any CPU = Release|Any CPU
	EndGlobalSection
	GlobalSection(ProjectConfigurationPlatforms) = postSolution
		{26EEAC91-EE20-4147-AAC8-D52A4CC23F42}.Debug|Any CPU.ActiveCfg = Debug|Any CPU
		{26EEAC91-EE20-4147-AAC8-D52A4CC23F42}.Debug|Any CPU.Build.0 = Debug|Any CPU
		{26EEAC91-EE20-4147-AAC8-D52A4CC23F42}.Release|Any CPU.ActiveCfg = Release|Any CPU
		{26EEAC91-EE20-4147-AAC8-D52A4CC23F42}.Release|Any CPU.Build.0 = Release|Any CPU
		{0791C055-D6B0-429B-8CDD-1434FB532A0A}.Debug|Any CPU.ActiveCfg = Debug|Any CPU
		{0791C055-D6B0-429B-8CDD-1434FB532A0A}.Debug|Any CPU.Build.0 = Debug|Any CPU
		{0791C055-D6B0-429B-8CDD-1434FB532A0A}.Release|Any CPU.ActiveCfg = Release|Any CPU
		{0791C055-D6B0-429B-8CDD-1434FB532A0A}.Release|Any CPU.Build.0 = Release|Any CPU
		{B4979D50-3283-49ED-8A98-B40C87521287}.Debug|Any CPU.ActiveCfg = Debug|Any CPU
		{B4979D50-3283-49ED-8A98-B40C87521287}.Debug|Any CPU.Build.0 = Debug|Any CPU
		{B4979D50-3283-49ED-8A98-B40C87521287}.Release|Any CPU.ActiveCfg = Release|Any CPU
		{B4979D50-3283-49ED-8A98-B40C87521287}.Release|Any CPU.Build.0 = Release|Any CPU
		{99E389C0-614C-44B3-84F9-4AB73D93CCA4}.Debug|Any CPU.ActiveCfg = Debug|Any CPU
		{99E389C0-614C-44B3-84F9-4AB73D93CCA4}.Debug|Any CPU.Build.0 = Debug|Any CPU
		{99E389C0-614C-44B3-84F9-4AB73D93CCA4}.Release|Any CPU.ActiveCfg = Release|Any CPU
		{99E389C0-614C-44B3-84F9-4AB73D93CCA4}.Release|Any CPU.Build.0 = Release|Any CPU
		{1E6352BB-CA68-4608-829A-0A9307826AA6}.Debug|Any CPU.ActiveCfg = Debug|Any CPU
		{1E6352BB-CA68-4608-829A-0A9307826AA6}.Debug|Any CPU.Build.0 = Debug|Any CPU
		{1E6352BB-CA68-4608-829A-0A9307826AA6}.Release|Any CPU.ActiveCfg = Release|Any CPU
		{1E6352BB-CA68-4608-829A-0A9307826AA6}.Release|Any CPU.Build.0 = Release|Any CPU
		{B23D95BB-D99F-48E5-A132-99D84FCA0593}.Debug|Any CPU.ActiveCfg = Debug|Any CPU
		{B23D95BB-D99F-48E5-A132-99D84FCA0593}.Debug|Any CPU.Build.0 = Debug|Any CPU
		{B23D95BB-D99F-48E5-A132-99D84FCA0593}.Release|Any CPU.ActiveCfg = Release|Any CPU
		{B23D95BB-D99F-48E5-A132-99D84FCA0593}.Release|Any CPU.Build.0 = Release|Any CPU
		{786A33C6-05F2-444F-AA15-8021CE9780EB}.Debug|Any CPU.ActiveCfg = Debug|Any CPU
		{786A33C6-05F2-444F-AA15-8021CE9780EB}.Debug|Any CPU.Build.0 = Debug|Any CPU
		{786A33C6-05F2-444F-AA15-8021CE9780EB}.Release|Any CPU.ActiveCfg = Release|Any CPU
		{786A33C6-05F2-444F-AA15-8021CE9780EB}.Release|Any CPU.Build.0 = Release|Any CPU
		{576E2D0B-CEC6-4124-A5EC-97DEDF967C41}.Debug|Any CPU.ActiveCfg = Debug|Any CPU
		{576E2D0B-CEC6-4124-A5EC-97DEDF967C41}.Debug|Any CPU.Build.0 = Debug|Any CPU
		{576E2D0B-CEC6-4124-A5EC-97DEDF967C41}.Release|Any CPU.ActiveCfg = Release|Any CPU
		{576E2D0B-CEC6-4124-A5EC-97DEDF967C41}.Release|Any CPU.Build.0 = Release|Any CPU
		{06D0113C-B454-4F37-979F-E2B1B6FDE300}.Debug|Any CPU.ActiveCfg = Debug|Any CPU
		{06D0113C-B454-4F37-979F-E2B1B6FDE300}.Debug|Any CPU.Build.0 = Debug|Any CPU
		{06D0113C-B454-4F37-979F-E2B1B6FDE300}.Release|Any CPU.ActiveCfg = Release|Any CPU
		{06D0113C-B454-4F37-979F-E2B1B6FDE300}.Release|Any CPU.Build.0 = Release|Any CPU
		{CAF0DA1A-AF0E-48B7-8AFC-155EBC6D7AF9}.Debug|Any CPU.ActiveCfg = Debug|Any CPU
		{CAF0DA1A-AF0E-48B7-8AFC-155EBC6D7AF9}.Debug|Any CPU.Build.0 = Debug|Any CPU
		{CAF0DA1A-AF0E-48B7-8AFC-155EBC6D7AF9}.Release|Any CPU.ActiveCfg = Release|Any CPU
		{CAF0DA1A-AF0E-48B7-8AFC-155EBC6D7AF9}.Release|Any CPU.Build.0 = Release|Any CPU
		{F081A4D8-6888-4F63-8047-75BD634F78B3}.Debug|Any CPU.ActiveCfg = Debug|Any CPU
		{F081A4D8-6888-4F63-8047-75BD634F78B3}.Debug|Any CPU.Build.0 = Debug|Any CPU
		{F081A4D8-6888-4F63-8047-75BD634F78B3}.Release|Any CPU.ActiveCfg = Release|Any CPU
		{F081A4D8-6888-4F63-8047-75BD634F78B3}.Release|Any CPU.Build.0 = Release|Any CPU
	EndGlobalSection
	GlobalSection(SolutionProperties) = preSolution
		HideSolutionNode = FALSE
	EndGlobalSection
	GlobalSection(NestedProjects) = preSolution
		{19CDCC08-441E-4593-8A96-D331A376616C} = {921614AC-F8BD-4D1F-A413-13479D753068}
		{5BC57EBB-D224-4F77-B003-174485BFB7A1} = {921614AC-F8BD-4D1F-A413-13479D753068}
		{396C4165-75FB-463F-BC25-7CC4B30B228F} = {921614AC-F8BD-4D1F-A413-13479D753068}
		{4EE66C28-4958-4C99-B259-D4DD05C1DDBA} = {921614AC-F8BD-4D1F-A413-13479D753068}
		{26EEAC91-EE20-4147-AAC8-D52A4CC23F42} = {396C4165-75FB-463F-BC25-7CC4B30B228F}
		{0791C055-D6B0-429B-8CDD-1434FB532A0A} = {396C4165-75FB-463F-BC25-7CC4B30B228F}
		{B4979D50-3283-49ED-8A98-B40C87521287} = {396C4165-75FB-463F-BC25-7CC4B30B228F}
		{99E389C0-614C-44B3-84F9-4AB73D93CCA4} = {19CDCC08-441E-4593-8A96-D331A376616C}
		{1E6352BB-CA68-4608-829A-0A9307826AA6} = {19CDCC08-441E-4593-8A96-D331A376616C}
		{B23D95BB-D99F-48E5-A132-99D84FCA0593} = {19CDCC08-441E-4593-8A96-D331A376616C}
		{786A33C6-05F2-444F-AA15-8021CE9780EB} = {5BC57EBB-D224-4F77-B003-174485BFB7A1}
		{576E2D0B-CEC6-4124-A5EC-97DEDF967C41} = {5BC57EBB-D224-4F77-B003-174485BFB7A1}
		{06D0113C-B454-4F37-979F-E2B1B6FDE300} = {5BC57EBB-D224-4F77-B003-174485BFB7A1}
		{CAF0DA1A-AF0E-48B7-8AFC-155EBC6D7AF9} = {8AD00E47-5352-47EE-8DF3-C621B0F64C98}
		{F081A4D8-6888-4F63-8047-75BD634F78B3} = {4EE66C28-4958-4C99-B259-D4DD05C1DDBA}
		{9559D225-520A-4772-BF56-19BD7D22D044} = {921614AC-F8BD-4D1F-A413-13479D753068}
	EndGlobalSection
	GlobalSection(ExtensibilityGlobals) = postSolution
		SolutionGuid = {D01D067F-7563-4127-94C9-6F6C22BD9419}
	EndGlobalSection
EndGlobal
